
Microsoft Visual Studio Solution File, Format Version 12.00
# Visual Studio Version 16
VisualStudioVersion = 16.0.30503.244
MinimumVisualStudioVersion = 10.0.40219.1
Project("{FAE04EC0-301F-11D3-BF4B-00C04F79EFBC}") = "AppleOrange", "AppleOrange.csproj", "{B3461F8C-CBD8-45DC-AD51-44D58DCC5F80}"
EndProject
Global
	GlobalSection(SolutionConfigurationPlatforms) = preSolution
		Debug|Any CPU = Debug|Any CPU
		Release|Any CPU = Release|Any CPU
	EndGlobalSection
	GlobalSection(ProjectConfigurationPlatforms) = postSolution
		{B3461F8C-CBD8-45DC-AD51-44D58DCC5F80}.Debug|Any CPU.ActiveCfg = Debug|Any CPU
		{B3461F8C-CBD8-45DC-AD51-44D58DCC5F80}.Debug|Any CPU.Build.0 = Debug|Any CPU
		{B3461F8C-CBD8-45DC-AD51-44D58DCC5F80}.Release|Any CPU.ActiveCfg = Release|Any CPU
		{B3461F8C-CBD8-45DC-AD51-44D58DCC5F80}.Release|Any CPU.Build.0 = Release|Any CPU
	EndGlobalSection
	GlobalSection(SolutionProperties) = preSolution
		HideSolutionNode = FALSE
	EndGlobalSection
	GlobalSection(ExtensibilityGlobals) = postSolution
		SolutionGuid = {A2DB39F6-0B12-4237-9E52-803FB9E7DBBD}
	EndGlobalSection
EndGlobal
